{
  "name": "line-message-manager",
  "lockfileVersion": 3,
  "requires": true,
  "packages": {
    "": {
      "dependencies": {
        "three": "^0.124.0",
        "vanta": "^0.5.24"
      }
    },
    "node_modules/three": {
      "version": "0.124.0",
      "resolved": "https://registry.npmjs.org/three/-/three-0.124.0.tgz",
      "integrity": "sha512-ROXp1Ly7YyF+jC910DQyAWj++Qlw2lQv0qwYLNQwdDbjk4bsOXAfGO92wYTMPNei1GMJUmCxSxc3MjGBTS09Rg==",
      "license": "MIT"
    },
    "node_modules/vanta": {
      "version": "0.5.24",
      "resolved": "https://registry.npmjs.org/vanta/-/vanta-0.5.24.tgz",
      "integrity": "sha512-fvieEbHy1ZS23zrcX+topzqAgA4Uct1enngOEWLFBgs9TtOf6RDFOYatH7KSVdrABzQDMCQ5myQy+nTSZZwLzg==",
      "license": "MIT"
    }
  }
}
