{
  "name": "line-message-manager",
  "lockfileVersion": 3,
  "requires": true,
  "packages": {
    "": {
      "dependencies": {
        "three": "^0.152.2",
        "vanta": "^0.5.24"
      }
    },
    "node_modules/three": {
      "version": "0.152.2",
      "resolved": "https://registry.npmjs.org/three/-/three-0.152.2.tgz",
      "integrity": "sha512-Ff9zIpSfkkqcBcpdiFo2f35vA9ZucO+N8TNacJOqaEE6DrB0eufItVMib8bK8Pcju/ZNT6a7blE1GhTpkdsILw==",
      "license": "MIT"
    },
    "node_modules/vanta": {
      "version": "0.5.24",
      "resolved": "https://registry.npmjs.org/vanta/-/vanta-0.5.24.tgz",
      "integrity": "sha512-fvieEbHy1ZS23zrcX+topzqAgA4Uct1enngOEWLFBgs9TtOf6RDFOYatH7KSVdrABzQDMCQ5myQy+nTSZZwLzg==",
      "license": "MIT"
    }
  }
}
